
Microsoft Visual Studio Solution File, Format Version 11.00
# Visual Studio 2010
Project("{FAE04EC0-301F-11D3-BF4B-00C04F79EFBC}") = "2018-12-07", "Assembly-CSharp.csproj", "{05681995-AC0F-0731-E9B9-D81313768CAD}"
EndProject
Global
	GlobalSection(SolutionConfigurationPlatforms) = preSolution
		Debug|Any CPU = Debug|Any CPU
		Release|Any CPU = Release|Any CPU
	EndGlobalSection
	GlobalSection(ProjectConfigurationPlatforms) = postSolution
		{05681995-AC0F-0731-E9B9-D81313768CAD}.Debug|Any CPU.ActiveCfg = Debug|Any CPU
		{05681995-AC0F-0731-E9B9-D81313768CAD}.Debug|Any CPU.Build.0 = Debug|Any CPU
		{05681995-AC0F-0731-E9B9-D81313768CAD}.Release|Any CPU.ActiveCfg = Release|Any CPU
		{05681995-AC0F-0731-E9B9-D81313768CAD}.Release|Any CPU.Build.0 = Release|Any CPU
	EndGlobalSection
	GlobalSection(SolutionProperties) = preSolution
		HideSolutionNode = FALSE
	EndGlobalSection
	GlobalSection(MonoDevelopProperties) = preSolution
		StartupItem = Assembly-CSharp.csproj
	EndGlobalSection
EndGlobal
